// !$*UTF8*$!
{
	archiveVersion = 1;
	classes = {
	};
	objectVersion = 46;
	objects = {

/* Begin PBXBuildFile section */
		878A94C91A0BC2C0006C5577 /* AppDelegate.swift in Sources */ = {isa = PBXBuildFile; fileRef = 878A94C81A0BC2C0006C5577 /* AppDelegate.swift */; };
		878A94CB1A0BC2C0006C5577 /* ViewController.swift in Sources */ = {isa = PBXBuildFile; fileRef = 878A94CA1A0BC2C0006C5577 /* ViewController.swift */; };
		878A94CE1A0BC2C0006C5577 /* Main.storyboard in Resources */ = {isa = PBXBuildFile; fileRef = 878A94CC1A0BC2C0006C5577 /* Main.storyboard */; };
		878A94D01A0BC2C0006C5577 /* Images.xcassets in Resources */ = {isa = PBXBuildFile; fileRef = 878A94CF1A0BC2C0006C5577 /* Images.xcassets */; };
		878A94D31A0BC2C0006C5577 /* LaunchScreen.xib in Resources */ = {isa = PBXBuildFile; fileRef = 878A94D11A0BC2C0006C5577 /* LaunchScreen.xib */; };
		878A94DF1A0BC2C0006C5577 /* PostcardTests.swift in Sources */ = {isa = PBXBuildFile; fileRef = 878A94DE1A0BC2C0006C5577 /* PostcardTests.swift */; };
		878A94E91A0BCE02006C5577 /* IMG_0050.JPG in Resources */ = {isa = PBXBuildFile; fileRef = 878A94E81A0BCE02006C5577 /* IMG_0050.JPG */; };
		878A94EB1A0BD15F006C5577 /* 16.jpg in Resources */ = {isa = PBXBuildFile; fileRef = 878A94EA1A0BD15F006C5577 /* 16.jpg */; };
/* End PBXBuildFile section */

/* Begin PBXContainerItemProxy section */
		878A94D91A0BC2C0006C5577 /* PBXContainerItemProxy */ = {
			isa = PBXContainerItemProxy;
			containerPortal = 878A94BB1A0BC2C0006C5577 /* Project object */;
			proxyType = 1;
			remoteGlobalIDString = 878A94C21A0BC2C0006C5577;
			remoteInfo = Postcard;
		};
/* End PBXContainerItemProxy section */

/* Begin PBXFileReference section */
		878A94C31A0BC2C0006C5577 /* Postcard.app */ = {isa = PBXFileReference; explicitFileType = wrapper.application; includeInIndex = 0; path = Postcard.app; sourceTree = BUILT_PRODUCTS_DIR; };
		878A94C71A0BC2C0006C5577 /* Info.plist */ = {isa = PBXFileReference; lastKnownFileType = text.plist.xml; path = Info.plist; sourceTree = "<group>"; };
		878A94C81A0BC2C0006C5577 /* AppDelegate.swift */ = {isa = PBXFileReference; lastKnownFileType = sourcecode.swift; path = AppDelegate.swift; sourceTree = "<group>"; };
		878A94CA1A0BC2C0006C5577 /* ViewController.swift */ = {isa = PBXFileReference; lastKnownFileType = sourcecode.swift; path = ViewController.swift; sourceTree = "<group>"; };
		878A94CD1A0BC2C0006C5577 /* Base */ = {isa = PBXFileReference; lastKnownFileType = file.storyboard; name = Base; path = Base.lproj/Main.storyboard; sourceTree = "<group>"; };
		878A94CF1A0BC2C0006C5577 /* Images.xcassets */ = {isa = PBXFileReference; lastKnownFileType = folder.assetcatalog; path = Images.xcassets; sourceTree = "<group>"; };
		878A94D21A0BC2C0006C5577 /* Base */ = {isa = PBXFileReference; lastKnownFileType = file.xib; name = Base; path = Base.lproj/LaunchScreen.xib; sourceTree = "<group>"; };
		878A94D81A0BC2C0006C5577 /* PostcardTests.xctest */ = {isa = PBXFileReference; explicitFileType = wrapper.cfbundle; includeInIndex = 0; path = PostcardTests.xctest; sourceTree = BUILT_PRODUCTS_DIR; };
		878A94DD1A0BC2C0006C5577 /* Info.plist */ = {isa = PBXFileReference; lastKnownFileType = text.plist.xml; path = Info.plist; sourceTree = "<group>"; };
		878A94DE1A0BC2C0006C5577 /* PostcardTests.swift */ = {isa = PBXFileReference; lastKnownFileType = sourcecode.swift; path = PostcardTests.swift; sourceTree = "<group>"; };
		878A94E81A0BCE02006C5577 /* IMG_0050.JPG */ = {isa = PBXFileReference; lastKnownFileType = image.jpeg; path = IMG_0050.JPG; sourceTree = "<group>"; };
		878A94EA1A0BD15F006C5577 /* 16.jpg */ = {isa = PBXFileReference; lastKnownFileType = image.jpeg; path = 16.jpg; sourceTree = "<group>"; };
/* End PBXFileReference section */

/* Begin PBXFrameworksBuildPhase section */
		878A94C01A0BC2C0006C5577 /* Frameworks */ = {
			isa = PBXFrameworksBuildPhase;
			buildActionMask = 2147483647;
			files = (
			);
			runOnlyForDeploymentPostprocessing = 0;
		};
		878A94D51A0BC2C0006C5577 /* Frameworks */ = {
			isa = PBXFrameworksBuildPhase;
			buildActionMask = 2147483647;
			files = (
			);
			runOnlyForDeploymentPostprocessing = 0;
		};
/* End PBXFrameworksBuildPhase section */

/* Begin PBXGroup section */
		878A94BA1A0BC2C0006C5577 = {
			isa = PBXGroup;
			children = (
				878A94C51A0BC2C0006C5577 /* Postcard */,
				878A94DB1A0BC2C0006C5577 /* PostcardTests */,
				878A94C41A0BC2C0006C5577 /* Products */,
			);
			sourceTree = "<group>";
		};
		878A94C41A0BC2C0006C5577 /* Products */ = {
			isa = PBXGroup;
			children = (
				878A94C31A0BC2C0006C5577 /* Postcard.app */,
				878A94D81A0BC2C0006C5577 /* PostcardTests.xctest */,
			);
			name = Products;
			sourceTree = "<group>";
		};
		878A94C51A0BC2C0006C5577 /* Postcard */ = {
			isa = PBXGroup;
			children = (
				878A94C81A0BC2C0006C5577 /* AppDelegate.swift */,
				878A94CA1A0BC2C0006C5577 /* ViewController.swift */,
				878A94CC1A0BC2C0006C5577 /* Main.storyboard */,
				878A94CF1A0BC2C0006C5577 /* Images.xcassets */,
				878A94D11A0BC2C0006C5577 /* LaunchScreen.xib */,
				878A94C61A0BC2C0006C5577 /* Supporting Files */,
			);
			path = Postcard;
			sourceTree = "<group>";
		};
		878A94C61A0BC2C0006C5577 /* Supporting Files */ = {
			isa = PBXGroup;
			children = (
				878A94EA1A0BD15F006C5577 /* 16.jpg */,
				878A94E81A0BCE02006C5577 /* IMG_0050.JPG */,
				878A94C71A0BC2C0006C5577 /* Info.plist */,
			);
			name = "Supporting Files";
			sourceTree = "<group>";
		};
		878A94DB1A0BC2C0006C5577 /* PostcardTests */ = {
			isa = PBXGroup;
			children = (
				878A94DE1A0BC2C0006C5577 /* PostcardTests.swift */,
				878A94DC1A0BC2C0006C5577 /* Supporting Files */,
			);
			path = PostcardTests;
			sourceTree = "<group>";
		};
		878A94DC1A0BC2C0006C5577 /* Supporting Files */ = {
			isa = PBXGroup;
			children = (
				878A94DD1A0BC2C0006C5577 /* Info.plist */,
			);
			name = "Supporting Files";
			sourceTree = "<group>";
		};
/* End PBXGroup section */

/* Begin PBXNativeTarget section */
		878A94C21A0BC2C0006C5577 /* Postcard */ = {
			isa = PBXNativeTarget;
			buildConfigurationList = 878A94E21A0BC2C0006C5577 /* Build configuration list for PBXNativeTarget "Postcard" */;
			buildPhases = (
				878A94BF1A0BC2C0006C5577 /* Sources */,
				878A94C01A0BC2C0006C5577 /* Frameworks */,
				878A94C11A0BC2C0006C5577 /* Resources */,
			);
			buildRules = (
			);
			dependencies = (
			);
			name = Postcard;
			productName = Postcard;
			productReference = 878A94C31A0BC2C0006C5577 /* Postcard.app */;
			productType = "com.apple.product-type.application";
		};
		878A94D71A0BC2C0006C5577 /* PostcardTests */ = {
			isa = PBXNativeTarget;
			buildConfigurationList = 878A94E51A0BC2C0006C5577 /* Build configuration list for PBXNativeTarget "PostcardTests" */;
			buildPhases = (
				878A94D41A0BC2C0006C5577 /* Sources */,
				878A94D51A0BC2C0006C5577 /* Frameworks */,
				878A94D61A0BC2C0006C5577 /* Resources */,
			);
			buildRules = (
			);
			dependencies = (
				878A94DA1A0BC2C0006C5577 /* PBXTargetDependency */,
			);
			name = PostcardTests;
			productName = PostcardTests;
			productReference = 878A94D81A0BC2C0006C5577 /* PostcardTests.xctest */;
			productType = "com.apple.product-type.bundle.unit-test";
		};
/* End PBXNativeTarget section */

/* Begin PBXProject section */
		878A94BB1A0BC2C0006C5577 /* Project object */ = {
			isa = PBXProject;
			attributes = {
				LastUpgradeCheck = 0610;
				ORGANIZATIONNAME = "Mikhail Sidorov";
				TargetAttributes = {
					878A94C21A0BC2C0006C5577 = {
						CreatedOnToolsVersion = 6.1;
						DevelopmentTeam = Y3777YLF6D;
					};
					878A94D71A0BC2C0006C5577 = {
						CreatedOnToolsVersion = 6.1;
						TestTargetID = 878A94C21A0BC2C0006C5577;
					};
				};
			};
			buildConfigurationList = 878A94BE1A0BC2C0006C5577 /* Build configuration list for PBXProject "Postcard" */;
			compatibilityVersion = "Xcode 3.2";
			developmentRegion = English;
			hasScannedForEncodings = 0;
			knownRegions = (
				en,
				Base,
			);
			mainGroup = 878A94BA1A0BC2C0006C5577;
			productRefGroup = 878A94C41A0BC2C0006C5577 /* Products */;
			projectDirPath = "";
			projectRoot = "";
			targets = (
				878A94C21A0BC2C0006C5577 /* Postcard */,
				878A94D71A0BC2C0006C5577 /* PostcardTests */,
			);
		};
/* End PBXProject section */

/* Begin PBXResourcesBuildPhase section */
		878A94C11A0BC2C0006C5577 /* Resources */ = {
			isa = PBXResourcesBuildPhase;
			buildActionMask = 2147483647;
			files = (
				878A94EB1A0BD15F006C5577 /* 16.jpg in Resources */,
				878A94E91A0BCE02006C5577 /* IMG_0050.JPG in Resources */,
				878A94CE1A0BC2C0006C5577 /* Main.storyboard in Resources */,
				878A94D31A0BC2C0006C5577 /* LaunchScreen.xib in Resources */,
				878A94D01A0BC2C0006C5577 /* Images.xcassets in Resources */,
			);
			runOnlyForDeploymentPostprocessing = 0;
		};
		878A94D61A0BC2C0006C5577 /* Resources */ = {
			isa = PBXResourcesBuildPhase;
			buildActionMask = 2147483647;
			files = (
			);
			runOnlyForDeploymentPostprocessing = 0;
		};
/* End PBXResourcesBuildPhase section */

/* Begin PBXSourcesBuildPhase section */
		878A94BF1A0BC2C0006C5577 /* Sources */ = {
			isa = PBXSourcesBuildPhase;
			buildActionMask = 2147483647;
			files = (
				878A94CB1A0BC2C0006C5577 /* ViewController.swift in Sources */,
				878A94C91A0BC2C0006C5577 /* AppDelegate.swift in Sources */,
			);
			runOnlyForDeploymentPostprocessing = 0;
		};
		878A94D41A0BC2C0006C5577 /* Sources */ = {
			isa = PBXSourcesBuildPhase;
			buildActionMask = 2147483647;
			files = (
				878A94DF1A0BC2C0006C5577 /* PostcardTests.swift in Sources */,
			);
			runOnlyForDeploymentPostprocessing = 0;
		};
/* End PBXSourcesBuildPhase section */

/* Begin PBXTargetDependency section */
		878A94DA1A0BC2C0006C5577 /* PBXTargetDependency */ = {
			isa = PBXTargetDependency;
			target = 878A94C21A0BC2C0006C5577 /* Postcard */;
			targetProxy = 878A94D91A0BC2C0006C5577 /* PBXContainerItemProxy */;
		};
/* End PBXTargetDependency section */

/* Begin PBXVariantGroup section */
		878A94CC1A0BC2C0006C5577 /* Main.storyboard */ = {
			isa = PBXVariantGroup;
			children = (
				878A94CD1A0BC2C0006C5577 /* Base */,
			);
			name = Main.storyboard;
			sourceTree = "<group>";
		};
		878A94D11A0BC2C0006C5577 /* LaunchScreen.xib */ = {
			isa = PBXVariantGroup;
			children = (
				878A94D21A0BC2C0006C5577 /* Base */,
			);
			name = LaunchScreen.xib;
			sourceTree = "<group>";
		};
/* End PBXVariantGroup section */

/* Begin XCBuildConfiguration section */
		878A94E01A0BC2C0006C5577 /* Debug */ = {
			isa = XCBuildConfiguration;
			buildSettings = {
				ALWAYS_SEARCH_USER_PATHS = NO;
				CLANG_CXX_LANGUAGE_STANDARD = "gnu++0x";
				CLANG_CXX_LIBRARY = "libc++";
				CLANG_ENABLE_MODULES = YES;
				CLANG_ENABLE_OBJC_ARC = YES;
				CLANG_WARN_BOOL_CONVERSION = YES;
				CLANG_WARN_CONSTANT_CONVERSION = YES;
				CLANG_WARN_DIRECT_OBJC_ISA_USAGE = YES_ERROR;
				CLANG_WARN_EMPTY_BODY = YES;
				CLANG_WARN_ENUM_CONVERSION = YES;
				CLANG_WARN_INT_CONVERSION = YES;
				CLANG_WARN_OBJC_ROOT_CLASS = YES_ERROR;
				CLANG_WARN_UNREACHABLE_CODE = YES;
				CLANG_WARN__DUPLICATE_METHOD_MATCH = YES;
				"CODE_SIGN_IDENTITY[sdk=iphoneos*]" = "iPhone Developer";
				COPY_PHASE_STRIP = NO;
				ENABLE_STRICT_OBJC_MSGSEND = YES;
				GCC_C_LANGUAGE_STANDARD = gnu99;
				GCC_DYNAMIC_NO_PIC = NO;
				GCC_OPTIMIZATION_LEVEL = 0;
				GCC_PREPROCESSOR_DEFINITIONS = (
					"DEBUG=1",
					"$(inherited)",
				);
				GCC_SYMBOLS_PRIVATE_EXTERN = NO;
				GCC_WARN_64_TO_32_BIT_CONVERSION = YES;
				GCC_WARN_ABOUT_RETURN_TYPE = YES_ERROR;
				GCC_WARN_UNDECLARED_SELECTOR = YES;
				GCC_WARN_UNINITIALIZED_AUTOS = YES_AGGRESSIVE;
				GCC_WARN_UNUSED_FUNCTION = YES;
				GCC_WARN_UNUSED_VARIABLE = YES;
				IPHONEOS_DEPLOYMENT_TARGET = 8.1;
				MTL_ENABLE_DEBUG_INFO = YES;
				ONLY_ACTIVE_ARCH = YES;
				SDKROOT = iphoneos;
				SWIFT_OPTIMIZATION_LEVEL = "-Onone";
				TARGETED_DEVICE_FAMILY = "1,2";
			};
			name = Debug;
		};
		878A94E11A0BC2C0006C5577 /* Release */ = {
			isa = XCBuildConfiguration;
			buildSettings = {
				ALWAYS_SEARCH_USER_PATHS = NO;
				CLANG_CXX_LANGUAGE_STANDARD = "gnu++0x";
				CLANG_CXX_LIBRARY = "libc++";
				CLANG_ENABLE_MODULES = YES;
				CLANG_ENABLE_OBJC_ARC = YES;
				CLANG_WARN_BOOL_CONVERSION = YES;
				CLANG_WARN_CONSTANT_CONVERSION = YES;
				CLANG_WARN_DIRECT_OBJC_ISA_USAGE = YES_ERROR;
				CLANG_WARN_EMPTY_BODY = YES;
				CLANG_WARN_ENUM_CONVERSION = YES;
				CLANG_WARN_INT_CONVERSION = YES;
				CLANG_WARN_OBJC_ROOT_CLASS = YES_ERROR;
				CLANG_WARN_UNREACHABLE_CODE = YES;
				CLANG_WARN__DUPLICATE_METHOD_MATCH = YES;
				"CODE_SIGN_IDENTITY[sdk=iphoneos*]" = "iPhone Developer";
				COPY_PHASE_STRIP = YES;
				ENABLE_NS_ASSERTIONS = NO;
				ENABLE_STRICT_OBJC_MSGSEND = YES;
				GCC_C_LANGUAGE_STANDARD = gnu99;
				GCC_WARN_64_TO_32_BIT_CONVERSION = YES;
				GCC_WARN_ABOUT_RETURN_TYPE = YES_ERROR;
				GCC_WARN_UNDECLARED_SELECTOR = YES;
				GCC_WARN_UNINITIALIZED_AUTOS = YES_AGGRESSIVE;
				GCC_WARN_UNUSED_FUNCTION = YES;
				GCC_WARN_UNUSED_VARIABLE = YES;
				IPHONEOS_DEPLOYMENT_TARGET = 8.1;
				MTL_ENABLE_DEBUG_INFO = NO;
				SDKROOT = iphoneos;
				TARGETED_DEVICE_FAMILY = "1,2";
				VALIDATE_PRODUCT = YES;
			};
			name = Release;
		};
		878A94E31A0BC2C0006C5577 /* Debug */ = {
			isa = XCBuildConfiguration;
			buildSettings = {
				ASSETCATALOG_COMPILER_APPICON_NAME = AppIcon;
				CODE_SIGN_IDENTITY = "iPhone Developer";
				"CODE_SIGN_IDENTITY[sdk=iphoneos*]" = "iPhone Developer";
				INFOPLIST_FILE = Postcard/Info.plist;
				LD_RUNPATH_SEARCH_PATHS = "$(inherited) @executable_path/Frameworks";
				PRODUCT_NAME = "$(TARGET_NAME)";
				PROVISIONING_PROFILE = "";
			};
			name = Debug;
		};
		878A94E41A0BC2C0006C5577 /* Release */ = {
			isa = XCBuildConfiguration;
			buildSettings = {
				ASSETCATALOG_COMPILER_APPICON_NAME = AppIcon;
				CODE_SIGN_IDENTITY = "iPhone Developer";
				"CODE_SIGN_IDENTITY[sdk=iphoneos*]" = "iPhone Developer";
				INFOPLIST_FILE = Postcard/Info.plist;
				LD_RUNPATH_SEARCH_PATHS = "$(inherited) @executable_path/Frameworks";
				PRODUCT_NAME = "$(TARGET_NAME)";
				PROVISIONING_PROFILE = "";
			};
			name = Release;
		};
		878A94E61A0BC2C0006C5577 /* Debug */ = {
			isa = XCBuildConfiguration;
			buildSettings = {
				BUNDLE_LOADER = "$(TEST_HOST)";
				FRAMEWORK_SEARCH_PATHS = (
					"$(SDKROOT)/Developer/Library/Frameworks",
					"$(inherited)",
				);
				GCC_PREPROCESSOR_DEFINITIONS = (
					"DEBUG=1",
					"$(inherited)",
				);
				INFOPLIST_FILE = PostcardTests/Info.plist;
				LD_RUNPATH_SEARCH_PATHS = "$(inherited) @executable_path/Frameworks @loader_path/Frameworks";
				PRODUCT_NAME = "$(TARGET_NAME)";
				TEST_HOST = "$(BUILT_PRODUCTS_DIR)/Postcard.app/Postcard";
			};
			name = Debug;
		};
		878A94E71A0BC2C0006C5577 /* Release */ = {
			isa = XCBuildConfiguration;
			buildSettings = {
				BUNDLE_LOADER = "$(TEST_HOST)";
				FRAMEWORK_SEARCH_PATHS = (
					"$(SDKROOT)/Developer/Library/Frameworks",
					"$(inherited)",
				);
				INFOPLIST_FILE = PostcardTests/Info.plist;
				LD_RUNPATH_SEARCH_PATHS = "$(inherited) @executable_path/Frameworks @loader_path/Frameworks";
				PRODUCT_NAME = "$(TARGET_NAME)";
				TEST_HOST = "$(BUILT_PRODUCTS_DIR)/Postcard.app/Postcard";
			};
			name = Release;
		};
/* End XCBuildConfiguration section */

/* Begin XCConfigurationList section */
		878A94BE1A0BC2C0006C5577 /* Build configuration list for PBXProject "Postcard" */ = {
			isa = XCConfigurationList;
			buildConfigurations = (
				878A94E01A0BC2C0006C5577 /* Debug */,
				878A94E11A0BC2C0006C5577 /* Release */,
			);
			defaultConfigurationIsVisible = 0;
			defaultConfigurationName = Release;
		};
		878A94E21A0BC2C0006C5577 /* Build configuration list for PBXNativeTarget "Postcard" */ = {
			isa = XCConfigurationList;
			buildConfigurations = (
				878A94E31A0BC2C0006C5577 /* Debug */,
				878A94E41A0BC2C0006C5577 /* Release */,
			);
			defaultConfigurationIsVisible = 0;
		};
		878A94E51A0BC2C0006C5577 /* Build configuration list for PBXNativeTarget "PostcardTests" */ = {
			isa = XCConfigurationList;
			buildConfigurations = (
				878A94E61A0BC2C0006C5577 /* Debug */,
				878A94E71A0BC2C0006C5577 /* Release */,
			);
			defaultConfigurationIsVisible = 0;
		};
/* End XCConfigurationList section */
	};
	rootObject = 878A94BB1A0BC2C0006C5577 /* Project object */;
}
